[[package]]
name = "altgraph"
version = "0.17"
description = "Python graph (network) package"
category = "main"
optional = false
python-versions = "*"

[[package]]
name = "atomicwrites"
version = "1.4.0"
description = "Atomic file writes."
category = "dev"
optional = false
python-versions = ">=2.7, !=3.0.*, !=3.1.*, !=3.2.*, !=3.3.*"

[[package]]
name = "attrs"
version = "20.3.0"
description = "Classes Without Boilerplate"
category = "dev"
optional = false
python-versions = ">=2.7, !=3.0.*, !=3.1.*, !=3.2.*, !=3.3.*"

[package.extras]
dev = ["coverage[toml] (>=5.0.2)", "hypothesis", "pympler", "pytest (>=4.3.0)", "six", "zope.interface", "furo", "sphinx", "pre-commit"]
docs = ["furo", "sphinx", "zope.interface"]
tests = ["coverage[toml] (>=5.0.2)", "hypothesis", "pympler", "pytest (>=4.3.0)", "six", "zope.interface"]
tests_no_zope = ["coverage[toml] (>=5.0.2)", "hypothesis", "pympler", "pytest (>=4.3.0)", "six"]

[[package]]
name = "beautifulsoup4"
version = "4.9.3"
description = "Screen-scraping library"
category = "main"
optional = false
python-versions = "*"

[package.dependencies]
soupsieve = {version = ">1.2", markers = "python_version >= \"3.0\""}

[package.extras]
html5lib = ["html5lib"]
lxml = ["lxml"]

[[package]]
name = "cachetools"
version = "4.2.1"
description = "Extensible memoizing collections and decorators"
category = "main"
optional = false
python-versions = "~=3.5"

[[package]]
name = "colorama"
version = "0.4.4"
description = "Cross-platform colored terminal text."
category = "dev"
optional = false
python-versions = ">=2.7, !=3.0.*, !=3.1.*, !=3.2.*, !=3.3.*, !=3.4.*"

[[package]]
name = "future"
version = "0.18.2"
description = "Clean single-source support for Python 3 and 2"
category = "main"
optional = false
python-versions = ">=2.6, !=3.0.*, !=3.1.*, !=3.2.*"

[[package]]
name = "macholib"
version = "1.14"
description = "Mach-O header analysis and editing"
category = "main"
optional = false
python-versions = "*"

[package.dependencies]
altgraph = ">=0.15"

[[package]]
name = "modulegraph"
version = "0.18"
description = "Python module dependency analysis tool"
category = "main"
optional = false
python-versions = "*"

[package.dependencies]
altgraph = ">=0.15"

[[package]]
name = "more-itertools"
version = "8.7.0"
description = "More routines for operating on iterables, beyond itertools"
category = "dev"
optional = false
python-versions = ">=3.5"

[[package]]
name = "numpy"
version = "1.20.1"
description = "NumPy is the fundamental package for array computing with Python."
category = "main"
optional = false
python-versions = ">=3.7"

[[package]]
name = "packaging"
version = "20.9"
description = "Core utilities for Python packages"
category = "dev"
optional = false
python-versions = ">=2.7, !=3.0.*, !=3.1.*, !=3.2.*, !=3.3.*"

[package.dependencies]
pyparsing = ">=2.0.2"

[[package]]
name = "pefile"
version = "2019.4.18"
description = "Python PE parsing module"
category = "main"
optional = false
python-versions = "*"

[package.dependencies]
future = "*"

[[package]]
name = "pillow"
version = "8.1.2"
description = "Python Imaging Library (Fork)"
category = "main"
optional = false
python-versions = ">=3.6"

[[package]]
name = "pluggy"
version = "0.13.1"
description = "plugin and hook calling mechanisms for python"
category = "dev"
optional = false
python-versions = ">=2.7, !=3.0.*, !=3.1.*, !=3.2.*, !=3.3.*"

[package.extras]
dev = ["pre-commit", "tox"]

[[package]]
name = "py"
version = "1.10.0"
description = "library with cross-python path, ini-parsing, io, code, log facilities"
category = "dev"
optional = false
python-versions = ">=2.7, !=3.0.*, !=3.1.*, !=3.2.*, !=3.3.*"

[[package]]
name = "py2app"
version = "0.23"
description = "Create standalone Mac OS X applications with Python"
category = "main"
optional = false
python-versions = "*"

[package.dependencies]
altgraph = ">=0.16"
macholib = ">=1.11"
modulegraph = ">=0.17"

[[package]]
name = "py2exe"
version = "0.10.2.1"
description = "Build standalone executables for Windows"
category = "main"
optional = false
python-versions = ">=3.6, <3.10"

[package.dependencies]
cachetools = "*"
pefile = "*"

[[package]]
name = "pyparsing"
version = "2.4.7"
description = "Python parsing module"
category = "dev"
optional = false
python-versions = ">=2.6, !=3.0.*, !=3.1.*, !=3.2.*"

[[package]]
name = "pytest"
version = "5.4.3"
description = "pytest: simple powerful testing with Python"
category = "dev"
optional = false
python-versions = ">=3.5"

[package.dependencies]
atomicwrites = {version = ">=1.0", markers = "sys_platform == \"win32\""}
attrs = ">=17.4.0"
colorama = {version = "*", markers = "sys_platform == \"win32\""}
more-itertools = ">=4.0.0"
packaging = "*"
pluggy = ">=0.12,<1.0"
py = ">=1.5.0"
wcwidth = "*"

[package.extras]
checkqa-mypy = ["mypy (==v0.761)"]
testing = ["argcomplete", "hypothesis (>=3.56)", "mock", "nose", "requests", "xmlschema"]

[[package]]
name = "six"
version = "1.15.0"
description = "Python 2 and 3 compatibility utilities"
category = "main"
optional = false
python-versions = ">=2.7, !=3.0.*, !=3.1.*, !=3.2.*"

[[package]]
name = "soupsieve"
version = "2.2"
description = "A modern CSS selector implementation for Beautiful Soup."
category = "main"
optional = false
python-versions = ">=3.6"

[[package]]
name = "wcwidth"
version = "0.2.5"
description = "Measures the displayed width of unicode strings in a terminal"
category = "dev"
optional = false
python-versions = "*"

[[package]]
name = "wxpython"
version = "4.1.1"
description = "Cross platform GUI toolkit for Python, \"Phoenix\" version"
category = "main"
optional = false
python-versions = "*"

[package.dependencies]
numpy = {version = "*", markers = "python_version >= \"3.0\""}
pillow = "*"
six = "*"

[metadata]
lock-version = "1.1"
python-versions = ">=3.9,<3.10"
content-hash = "f4f08f3ff913e45173272667af517d8acf04a0a22c0c503609569eb36a75d627"

[metadata.files]
altgraph = [
    {file = "altgraph-0.17-py2.py3-none-any.whl", hash = "sha256:c623e5f3408ca61d4016f23a681b9adb100802ca3e3da5e718915a9e4052cebe"},
    {file = "altgraph-0.17.tar.gz", hash = "sha256:1f05a47122542f97028caf78775a095fbe6a2699b5089de8477eb583167d69aa"},
]
atomicwrites = [
    {file = "atomicwrites-1.4.0-py2.py3-none-any.whl", hash = "sha256:6d1784dea7c0c8d4a5172b6c620f40b6e4cbfdf96d783691f2e1302a7b88e197"},
    {file = "atomicwrites-1.4.0.tar.gz", hash = "sha256:ae70396ad1a434f9c7046fd2dd196fc04b12f9e91ffb859164193be8b6168a7a"},
]
attrs = [
    {file = "attrs-20.3.0-py2.py3-none-any.whl", hash = "sha256:31b2eced602aa8423c2aea9c76a724617ed67cf9513173fd3a4f03e3a929c7e6"},
    {file = "attrs-20.3.0.tar.gz", hash = "sha256:832aa3cde19744e49938b91fea06d69ecb9e649c93ba974535d08ad92164f700"},
]
beautifulsoup4 = [
    {file = "beautifulsoup4-4.9.3-py2-none-any.whl", hash = "sha256:4c98143716ef1cb40bf7f39a8e3eec8f8b009509e74904ba3a7b315431577e35"},
    {file = "beautifulsoup4-4.9.3-py3-none-any.whl", hash = "sha256:fff47e031e34ec82bf17e00da8f592fe7de69aeea38be00523c04623c04fb666"},
    {file = "beautifulsoup4-4.9.3.tar.gz", hash = "sha256:84729e322ad1d5b4d25f805bfa05b902dd96450f43842c4e99067d5e1369eb25"},
]
cachetools = [
    {file = "cachetools-4.2.1-py3-none-any.whl", hash = "sha256:1d9d5f567be80f7c07d765e21b814326d78c61eb0c3a637dffc0e5d1796cb2e2"},
    {file = "cachetools-4.2.1.tar.gz", hash = "sha256:f469e29e7aa4cff64d8de4aad95ce76de8ea1125a16c68e0d93f65c3c3dc92e9"},
]
colorama = [
    {file = "colorama-0.4.4-py2.py3-none-any.whl", hash = "sha256:9f47eda37229f68eee03b24b9748937c7dc3868f906e8ba69fbcbdd3bc5dc3e2"},
    {file = "colorama-0.4.4.tar.gz", hash = "sha256:5941b2b48a20143d2267e95b1c2a7603ce057ee39fd88e7329b0c292aa16869b"},
]
future = [
    {file = "future-0.18.2.tar.gz", hash = "sha256:b1bead90b70cf6ec3f0710ae53a525360fa360d306a86583adc6bf83a4db537d"},
]
macholib = [
    {file = "macholib-1.14-py2.py3-none-any.whl", hash = "sha256:c500f02867515e6c60a27875b408920d18332ddf96b4035ef03beddd782d4281"},
    {file = "macholib-1.14.tar.gz", hash = "sha256:0c436bc847e7b1d9bda0560351bf76d7caf930fb585a828d13608839ef42c432"},
]
modulegraph = [
    {file = "modulegraph-0.18-py2.py3-none-any.whl", hash = "sha256:60e58a96728fa741aac2800bf89cf89a59311c5bec336bd7a146a476446eb740"},
    {file = "modulegraph-0.18.tar.gz", hash = "sha256:11c03dac1368bb9e7f780b58d251a0880c30b5a14816b6f88ec5a6fe1e3e5611"},
]
more-itertools = [
    {file = "more-itertools-8.7.0.tar.gz", hash = "sha256:c5d6da9ca3ff65220c3bfd2a8db06d698f05d4d2b9be57e1deb2be5a45019713"},
    {file = "more_itertools-8.7.0-py3-none-any.whl", hash = "sha256:5652a9ac72209ed7df8d9c15daf4e1aa0e3d2ccd3c87f8265a0673cd9cbc9ced"},
]
numpy = [
    {file = "numpy-1.20.1-cp37-cp37m-macosx_10_9_x86_64.whl", hash = "sha256:ae61f02b84a0211abb56462a3b6cd1e7ec39d466d3160eb4e1da8bf6717cdbeb"},
    {file = "numpy-1.20.1-cp37-cp37m-manylinux1_i686.whl", hash = "sha256:65410c7f4398a0047eea5cca9b74009ea61178efd78d1be9847fac1d6716ec1e"},
    {file = "numpy-1.20.1-cp37-cp37m-manylinux1_x86_64.whl", hash = "sha256:2d7e27442599104ee08f4faed56bb87c55f8b10a5494ac2ead5c98a4b289e61f"},
    {file = "numpy-1.20.1-cp37-cp37m-manylinux2010_i686.whl", hash = "sha256:4ed8e96dc146e12c1c5cdd6fb9fd0757f2ba66048bf94c5126b7efebd12d0090"},
    {file = "numpy-1.20.1-cp37-cp37m-manylinux2010_x86_64.whl", hash = "sha256:ecb5b74c702358cdc21268ff4c37f7466357871f53a30e6f84c686952bef16a9"},
    {file = "numpy-1.20.1-cp37-cp37m-manylinux2014_aarch64.whl", hash = "sha256:b9410c0b6fed4a22554f072a86c361e417f0258838957b78bd063bde2c7f841f"},
    {file = "numpy-1.20.1-cp37-cp37m-win32.whl", hash = "sha256:3d3087e24e354c18fb35c454026af3ed8997cfd4997765266897c68d724e4845"},
    {file = "numpy-1.20.1-cp37-cp37m-win_amd64.whl", hash = "sha256:89f937b13b8dd17b0099c7c2e22066883c86ca1575a975f754babc8fbf8d69a9"},
    {file = "numpy-1.20.1-cp38-cp38-macosx_10_9_x86_64.whl", hash = "sha256:a1d7995d1023335e67fb070b2fae6f5968f5be3802b15ad6d79d81ecaa014fe0"},
    {file = "numpy-1.20.1-cp38-cp38-manylinux1_i686.whl", hash = "sha256:60759ab15c94dd0e1ed88241fd4fa3312db4e91d2c8f5a2d4cf3863fad83d65b"},
    {file = "numpy-1.20.1-cp38-cp38-manylinux1_x86_64.whl", hash = "sha256:125a0e10ddd99a874fd357bfa1b636cd58deb78ba4a30b5ddb09f645c3512e04"},
    {file = "numpy-1.20.1-cp38-cp38-manylinux2010_i686.whl", hash = "sha256:c26287dfc888cf1e65181f39ea75e11f42ffc4f4529e5bd19add57ad458996e2"},
    {file = "numpy-1.20.1-cp38-cp38-manylinux2010_x86_64.whl", hash = "sha256:7199109fa46277be503393be9250b983f325880766f847885607d9b13848f257"},
    {file = "numpy-1.20.1-cp38-cp38-manylinux2014_aarch64.whl", hash = "sha256:72251e43ac426ff98ea802a931922c79b8d7596480300eb9f1b1e45e0543571e"},
    {file = "numpy-1.20.1-cp38-cp38-win32.whl", hash = "sha256:c91ec9569facd4757ade0888371eced2ecf49e7982ce5634cc2cf4e7331a4b14"},
    {file = "numpy-1.20.1-cp38-cp38-win_amd64.whl", hash = "sha256:13adf545732bb23a796914fe5f891a12bd74cf3d2986eed7b7eba2941eea1590"},
    {file = "numpy-1.20.1-cp39-cp39-macosx_10_9_x86_64.whl", hash = "sha256:104f5e90b143dbf298361a99ac1af4cf59131218a045ebf4ee5990b83cff5fab"},
    {file = "numpy-1.20.1-cp39-cp39-manylinux2010_i686.whl", hash = "sha256:89e5336f2bec0c726ac7e7cdae181b325a9c0ee24e604704ed830d241c5e47ff"},
    {file = "numpy-1.20.1-cp39-cp39-manylinux2010_x86_64.whl", hash = "sha256:032be656d89bbf786d743fee11d01ef318b0781281241997558fa7950028dd29"},
    {file = "numpy-1.20.1-cp39-cp39-manylinux2014_aarch64.whl", hash = "sha256:66b467adfcf628f66ea4ac6430ded0614f5cc06ba530d09571ea404789064adc"},
    {file = "numpy-1.20.1-cp39-cp39-win32.whl", hash = "sha256:12e4ba5c6420917571f1a5becc9338abbde71dd811ce40b37ba62dec7b39af6d"},
    {file = "numpy-1.20.1-cp39-cp39-win_amd64.whl", hash = "sha256:9c94cab5054bad82a70b2e77741271790304651d584e2cdfe2041488e753863b"},
    {file = "numpy-1.20.1-pp37-pypy37_pp73-manylinux2010_x86_64.whl", hash = "sha256:9eb551d122fadca7774b97db8a112b77231dcccda8e91a5bc99e79890797175e"},
    {file = "numpy-1.20.1.zip", hash = "sha256:3bc63486a870294683980d76ec1e3efc786295ae00128f9ea38e2c6e74d5a60a"},
]
packaging = [
    {file = "packaging-20.9-py2.py3-none-any.whl", hash = "sha256:67714da7f7bc052e064859c05c595155bd1ee9f69f76557e21f051443c20947a"},
    {file = "packaging-20.9.tar.gz", hash = "sha256:5b327ac1320dc863dca72f4514ecc086f31186744b84a230374cc1fd776feae5"},
]
pefile = [
    {file = "pefile-2019.4.18.tar.gz", hash = "sha256:a5d6e8305c6b210849b47a6174ddf9c452b2888340b8177874b862ba6c207645"},
]
pillow = [
    {file = "Pillow-8.1.2-cp36-cp36m-macosx_10_10_x86_64.whl", hash = "sha256:5cf03b9534aca63b192856aa601c68d0764810857786ea5da652581f3a44c2b0"},
    {file = "Pillow-8.1.2-cp36-cp36m-manylinux1_i686.whl", hash = "sha256:f91b50ad88048d795c0ad004abbe1390aa1882073b1dca10bfd55d0b8cf18ec5"},
    {file = "Pillow-8.1.2-cp36-cp36m-manylinux1_x86_64.whl", hash = "sha256:5762ebb4436f46b566fc6351d67a9b5386b5e5de4e58fdaa18a1c83e0e20f1a8"},
    {file = "Pillow-8.1.2-cp36-cp36m-manylinux2014_aarch64.whl", hash = "sha256:e2cd8ac157c1e5ae88b6dd790648ee5d2777e76f1e5c7d184eaddb2938594f34"},
    {file = "Pillow-8.1.2-cp36-cp36m-win32.whl", hash = "sha256:72027ebf682abc9bafd93b43edc44279f641e8996fb2945104471419113cfc71"},
    {file = "Pillow-8.1.2-cp36-cp36m-win_amd64.whl", hash = "sha256:d1d6bca39bb6dd94fba23cdb3eeaea5e30c7717c5343004d900e2a63b132c341"},
    {file = "Pillow-8.1.2-cp37-cp37m-macosx_10_10_x86_64.whl", hash = "sha256:90882c6f084ef68b71bba190209a734bf90abb82ab5e8f64444c71d5974008c6"},
    {file = "Pillow-8.1.2-cp37-cp37m-manylinux1_i686.whl", hash = "sha256:89e4c757a91b8c55d97c91fa09c69b3677c227b942fa749e9a66eef602f59c28"},
    {file = "Pillow-8.1.2-cp37-cp37m-manylinux1_x86_64.whl", hash = "sha256:8c4e32218c764bc27fe49b7328195579581aa419920edcc321c4cb877c65258d"},
    {file = "Pillow-8.1.2-cp37-cp37m-manylinux2014_aarch64.whl", hash = "sha256:a01da2c266d9868c4f91a9c6faf47a251f23b9a862dce81d2ff583135206f5be"},
    {file = "Pillow-8.1.2-cp37-cp37m-win32.whl", hash = "sha256:30d33a1a6400132e6f521640dd3f64578ac9bfb79a619416d7e8802b4ce1dd55"},
    {file = "Pillow-8.1.2-cp37-cp37m-win_amd64.whl", hash = "sha256:71b01ee69e7df527439d7752a2ce8fb89e19a32df484a308eca3e81f673d3a03"},
    {file = "Pillow-8.1.2-cp38-cp38-macosx_10_10_x86_64.whl", hash = "sha256:5a2d957eb4aba9d48170b8fe6538ec1fbc2119ffe6373782c03d8acad3323f2e"},
    {file = "Pillow-8.1.2-cp38-cp38-manylinux1_i686.whl", hash = "sha256:87f42c976f91ca2fc21a3293e25bd3cd895918597db1b95b93cbd949f7d019ce"},
    {file = "Pillow-8.1.2-cp38-cp38-manylinux1_x86_64.whl", hash = "sha256:15306d71a1e96d7e271fd2a0737038b5a92ca2978d2e38b6ced7966583e3d5af"},
    {file = "Pillow-8.1.2-cp38-cp38-manylinux2014_aarch64.whl", hash = "sha256:71f31ee4df3d5e0b366dd362007740106d3210fb6a56ec4b581a5324ba254f06"},
    {file = "Pillow-8.1.2-cp38-cp38-win32.whl", hash = "sha256:98afcac3205d31ab6a10c5006b0cf040d0026a68ec051edd3517b776c1d78b09"},
    {file = "Pillow-8.1.2-cp38-cp38-win_amd64.whl", hash = "sha256:328240f7dddf77783e72d5ed79899a6b48bc6681f8d1f6001f55933cb4905060"},
    {file = "Pillow-8.1.2-cp39-cp39-macosx_10_10_x86_64.whl", hash = "sha256:bead24c0ae3f1f6afcb915a057943ccf65fc755d11a1410a909c1fefb6c06ad1"},
    {file = "Pillow-8.1.2-cp39-cp39-macosx_11_0_arm64.whl", hash = "sha256:81b3716cc9744ffdf76b39afb6247eae754186838cedad0b0ac63b2571253fe6"},
    {file = "Pillow-8.1.2-cp39-cp39-manylinux1_i686.whl", hash = "sha256:63cd413ac52ee3f67057223d363f4f82ce966e64906aea046daf46695e3c8238"},
    {file = "Pillow-8.1.2-cp39-cp39-manylinux1_x86_64.whl", hash = "sha256:8565355a29655b28fdc2c666fd9a3890fe5edc6639d128814fafecfae2d70910"},
    {file = "Pillow-8.1.2-cp39-cp39-manylinux2014_aarch64.whl", hash = "sha256:1940fc4d361f9cc7e558d6f56ff38d7351b53052fd7911f4b60cd7bc091ea3b1"},
    {file = "Pillow-8.1.2-cp39-cp39-win32.whl", hash = "sha256:46c2bcf8e1e75d154e78417b3e3c64e96def738c2a25435e74909e127a8cba5e"},
    {file = "Pillow-8.1.2-cp39-cp39-win_amd64.whl", hash = "sha256:aeab4cd016e11e7aa5cfc49dcff8e51561fa64818a0be86efa82c7038e9369d0"},
    {file = "Pillow-8.1.2-pp36-pypy36_pp73-macosx_10_10_x86_64.whl", hash = "sha256:74cd9aa648ed6dd25e572453eb09b08817a1e3d9f8d1bd4d8403d99e42ea790b"},
    {file = "Pillow-8.1.2-pp36-pypy36_pp73-manylinux2010_i686.whl", hash = "sha256:e5739ae63636a52b706a0facec77b2b58e485637e1638202556156e424a02dc2"},
    {file = "Pillow-8.1.2-pp36-pypy36_pp73-manylinux2010_x86_64.whl", hash = "sha256:903293320efe2466c1ab3509a33d6b866dc850cfd0c5d9cc92632014cec185fb"},
    {file = "Pillow-8.1.2-pp37-pypy37_pp73-macosx_10_10_x86_64.whl", hash = "sha256:5daba2b40782c1c5157a788ec4454067c6616f5a0c1b70e26ac326a880c2d328"},
    {file = "Pillow-8.1.2-pp37-pypy37_pp73-manylinux2010_i686.whl", hash = "sha256:1f93f2fe211f1ef75e6f589327f4d4f8545d5c8e826231b042b483d8383e8a7c"},
    {file = "Pillow-8.1.2-pp37-pypy37_pp73-manylinux2010_x86_64.whl", hash = "sha256:6efac40344d8f668b6c4533ae02a48d52fd852ef0654cc6f19f6ac146399c733"},
    {file = "Pillow-8.1.2-pp37-pypy37_pp73-win32.whl", hash = "sha256:f36c3ff63d6fc509ce599a2f5b0d0732189eed653420e7294c039d342c6e204a"},
    {file = "Pillow-8.1.2.tar.gz", hash = "sha256:b07c660e014852d98a00a91adfbe25033898a9d90a8f39beb2437d22a203fc44"},
]
pluggy = [
    {file = "pluggy-0.13.1-py2.py3-none-any.whl", hash = "sha256:966c145cd83c96502c3c3868f50408687b38434af77734af1e9ca461a4081d2d"},
    {file = "pluggy-0.13.1.tar.gz", hash = "sha256:15b2acde666561e1298d71b523007ed7364de07029219b604cf808bfa1c765b0"},
]
py = [
    {file = "py-1.10.0-py2.py3-none-any.whl", hash = "sha256:3b80836aa6d1feeaa108e046da6423ab8f6ceda6468545ae8d02d9d58d18818a"},
    {file = "py-1.10.0.tar.gz", hash = "sha256:21b81bda15b66ef5e1a777a21c4dcd9c20ad3efd0b3f817e7a809035269e1bd3"},
]
py2app = [
    {file = "py2app-0.23-py2.py3-none-any.whl", hash = "sha256:504b95928be7eefa9d042ec1ef4744fb8429f8bc72e0c03d622ab3537b74400c"},
    {file = "py2app-0.23.tar.gz", hash = "sha256:772f7b30cac260537ecfada2801d1e9833010caf6d0439e80e64e1a558718d39"},
]
py2exe = [
    {file = "py2exe-0.10.2.1-cp36-none-win32.whl", hash = "sha256:d16f41d42e879358419568f841adede0614ddb7bf705b600a39c228beacef323"},
    {file = "py2exe-0.10.2.1-cp36-none-win_amd64.whl", hash = "sha256:fac69943e20f5d2c41546842255070a8a70c255978dba40e81d4bfcf346bd7fc"},
    {file = "py2exe-0.10.2.1-cp37-none-win32.whl", hash = "sha256:e200f4b65f0595e0a2116450fcf891500e557700a83997d64cb7645e07dca013"},
    {file = "py2exe-0.10.2.1-cp37-none-win_amd64.whl", hash = "sha256:e041da051fa98a130702ad68ffc36160f7a1413001e07abafe0156ddac95ffc6"},
    {file = "py2exe-0.10.2.1-cp38-none-win32.whl", hash = "sha256:9c05a83e87544c8b10561a5ff328743826528eea4b5be2394f9b1d31916b7b26"},
    {file = "py2exe-0.10.2.1-cp38-none-win_amd64.whl", hash = "sha256:4fe9871db013565b9e7aa52644d11495769047f35a436a28d88c51347ca2679d"},
    {file = "py2exe-0.10.2.1-cp39-none-win32.whl", hash = "sha256:de056fb4b8f0fe6674091a58c78628a34f24fe4fa0af3b02e2ba4e74320a4f95"},
    {file = "py2exe-0.10.2.1-cp39-none-win_amd64.whl", hash = "sha256:8bc13bd5e219913454fdb6094ef564315bb2eab3d4f4199b132467e06430c7f6"},
    {file = "py2exe-0.10.2.1.tar.gz", hash = "sha256:e5dc26fd1cf9d6c8f0150b633f5ed6c906a62ddaf3d8e3b7068b34249cfd0779"},
]
pyparsing = [
    {file = "pyparsing-2.4.7-py2.py3-none-any.whl", hash = "sha256:ef9d7589ef3c200abe66653d3f1ab1033c3c419ae9b9bdb1240a85b024efc88b"},
    {file = "pyparsing-2.4.7.tar.gz", hash = "sha256:c203ec8783bf771a155b207279b9bccb8dea02d8f0c9e5f8ead507bc3246ecc1"},
]
pytest = [
    {file = "pytest-5.4.3-py3-none-any.whl", hash = "sha256:5c0db86b698e8f170ba4582a492248919255fcd4c79b1ee64ace34301fb589a1"},
    {file = "pytest-5.4.3.tar.gz", hash = "sha256:7979331bfcba207414f5e1263b5a0f8f521d0f457318836a7355531ed1a4c7d8"},
]
six = [
    {file = "six-1.15.0-py2.py3-none-any.whl", hash = "sha256:8b74bedcbbbaca38ff6d7491d76f2b06b3592611af620f8426e82dddb04a5ced"},
    {file = "six-1.15.0.tar.gz", hash = "sha256:30639c035cdb23534cd4aa2dd52c3bf48f06e5f4a941509c8bafd8ce11080259"},
]
soupsieve = [
    {file = "soupsieve-2.2-py3-none-any.whl", hash = "sha256:d3a5ea5b350423f47d07639f74475afedad48cf41c0ad7a82ca13a3928af34f6"},
    {file = "soupsieve-2.2.tar.gz", hash = "sha256:407fa1e8eb3458d1b5614df51d9651a1180ea5fedf07feb46e45d7e25e6d6cdd"},
]
wcwidth = [
    {file = "wcwidth-0.2.5-py2.py3-none-any.whl", hash = "sha256:beb4802a9cebb9144e99086eff703a642a13d6a0052920003a230f3294bbe784"},
    {file = "wcwidth-0.2.5.tar.gz", hash = "sha256:c4d647b99872929fdb7bdcaa4fbe7f01413ed3d98077df798530e5b04f116c83"},
]
wxpython = [
    {file = "wxPython-4.1.1-cp36-cp36m-macosx_10_9_x86_64.whl", hash = "sha256:f03d00c25db206d294ba99f15714368e02416b67be12bd8714b8268870e3b155"},
    {file = "wxPython-4.1.1-cp36-cp36m-win32.whl", hash = "sha256:e8170353bc1004574552a5b121251cc859b68d9cf6f09118dd9be48422448304"},
    {file = "wxPython-4.1.1-cp36-cp36m-win_amd64.whl", hash = "sha256:bbd3e9a6f7bde3b72a7159584a760976f4cbaafba4315c7ea8b29e6c3731fa50"},
    {file = "wxPython-4.1.1-cp37-cp37m-macosx_10_9_x86_64.whl", hash = "sha256:07aed697e86904eb6bd63956a3eb792eb54139ddec3ee95f129340973bdcdc54"},
    {file = "wxPython-4.1.1-cp37-cp37m-win32.whl", hash = "sha256:4fde25e97a85b681ee1c76d15b8ee802661d9af4a615d07dc35374b62225d467"},
    {file = "wxPython-4.1.1-cp37-cp37m-win_amd64.whl", hash = "sha256:64933480eff036d50754ef46496247510b9f0a17eb24d7a8079188c868c5b978"},
    {file = "wxPython-4.1.1-cp38-cp38-macosx_10_9_x86_64.whl", hash = "sha256:e132144ac4b05092d18ae63c335571f338d8da82be1c126d2d84c70d43cfcf28"},
    {file = "wxPython-4.1.1-cp38-cp38-win32.whl", hash = "sha256:db057f9c7144ecdef21ed2da683fd9f2dfd7d897d4158626de49d523dbb82945"},
    {file = "wxPython-4.1.1-cp38-cp38-win_amd64.whl", hash = "sha256:a3d699d20826eae5130e117dd0a9024ea9f5e6677669f1e2874a68a96a979272"},
    {file = "wxPython-4.1.1-cp39-cp39-macosx_10_10_x86_64.whl", hash = "sha256:15adf25d8353e196e1258c9d3dda353b67c877fb16519b21c6f64d5efbb9798e"},
    {file = "wxPython-4.1.1-cp39-cp39-win32.whl", hash = "sha256:daf6c3e732954fd56ea50942bd698a6c273c206f424bacd929bf1419148d048f"},
    {file = "wxPython-4.1.1-cp39-cp39-win_amd64.whl", hash = "sha256:84c3d5c7a43e1face86569e0832a526c31ad4a43d0448bef2fec6ce08de0f699"},
    {file = "wxPython-4.1.1.tar.gz", hash = "sha256:00e5e3180ac7f2852f342ad341d57c44e7e4326de0b550b9a5c4a8361b6c3528"},
]
